
Microsoft Visual Studio Solution File, Format Version 12.00
# Visual Studio Version 16
VisualStudioVersion = 16.0.30621.155
MinimumVisualStudioVersion = 10.0.40219.1
Project("{FAE04EC0-301F-11D3-BF4B-00C04F79EFBC}") = "DangVanTho_5951071103_btWebForm", "DangVanTho_5951071103_btWebForm\DangVanTho_5951071103_btWebForm.csproj", "{3AD83DAC-D340-4DD3-88BB-317A3F3278A3}"
EndProject
Global
	GlobalSection(SolutionConfigurationPlatforms) = preSolution
		Debug|Any CPU = Debug|Any CPU
		Release|Any CPU = Release|Any CPU
	EndGlobalSection
	GlobalSection(ProjectConfigurationPlatforms) = postSolution
		{3AD83DAC-D340-4DD3-88BB-317A3F3278A3}.Debug|Any CPU.ActiveCfg = Debug|Any CPU
		{3AD83DAC-D340-4DD3-88BB-317A3F3278A3}.Debug|Any CPU.Build.0 = Debug|Any CPU
		{3AD83DAC-D340-4DD3-88BB-317A3F3278A3}.Release|Any CPU.ActiveCfg = Release|Any CPU
		{3AD83DAC-D340-4DD3-88BB-317A3F3278A3}.Release|Any CPU.Build.0 = Release|Any CPU
	EndGlobalSection
	GlobalSection(SolutionProperties) = preSolution
		HideSolutionNode = FALSE
	EndGlobalSection
	GlobalSection(ExtensibilityGlobals) = postSolution
		SolutionGuid = {D7C5378A-9E54-4200-A72D-6990E5EC5FB0}
	EndGlobalSection
EndGlobal
